
Microsoft Visual Studio Solution File, Format Version 12.00
# Visual Studio Version 17
VisualStudioVersion = 17.11.35303.130
MinimumVisualStudioVersion = 10.0.40219.1
Project("{2150E333-8FDC-42A3-9474-1A3956D46DE8}") = "task0", "task0", "{17C6044F-E579-475D-A72E-EE37DE1F8D2D}"
EndProject
Project("{FAE04EC0-301F-11D3-BF4B-00C04F79EFBC}") = "Tyuiu.TishkinaEA.sprint0.task0", "Tyuiu.TishkinaEA.sprint0.task0\Tyuiu.TishkinaEA.sprint0.task0.csproj", "{0CBF8C24-AD83-499E-8DAB-026E9789922F}"
EndProject
Project("{2150E333-8FDC-42A3-9474-1A3956D46DE8}") = "task1", "task1", "{1E46C5AD-1F74-4D19-9CCC-8B4D21819CC2}"
EndProject
Project("{FAE04EC0-301F-11D3-BF4B-00C04F79EFBC}") = "Tyuiu.TishkinaEA.Sprint0.Task1", "Tyuiu.TishkinaEA.Sprint0.Task1\Tyuiu.TishkinaEA.Sprint0.Task1.csproj", "{5D7CBB54-ED23-4533-870E-F988A5E91717}"
EndProject
Global
	GlobalSection(SolutionConfigurationPlatforms) = preSolution
		Debug|Any CPU = Debug|Any CPU
		Release|Any CPU = Release|Any CPU
	EndGlobalSection
	GlobalSection(ProjectConfigurationPlatforms) = postSolution
		{0CBF8C24-AD83-499E-8DAB-026E9789922F}.Debug|Any CPU.ActiveCfg = Debug|Any CPU
		{0CBF8C24-AD83-499E-8DAB-026E9789922F}.Debug|Any CPU.Build.0 = Debug|Any CPU
		{0CBF8C24-AD83-499E-8DAB-026E9789922F}.Release|Any CPU.ActiveCfg = Release|Any CPU
		{0CBF8C24-AD83-499E-8DAB-026E9789922F}.Release|Any CPU.Build.0 = Release|Any CPU
		{5D7CBB54-ED23-4533-870E-F988A5E91717}.Debug|Any CPU.ActiveCfg = Debug|Any CPU
		{5D7CBB54-ED23-4533-870E-F988A5E91717}.Debug|Any CPU.Build.0 = Debug|Any CPU
		{5D7CBB54-ED23-4533-870E-F988A5E91717}.Release|Any CPU.ActiveCfg = Release|Any CPU
		{5D7CBB54-ED23-4533-870E-F988A5E91717}.Release|Any CPU.Build.0 = Release|Any CPU
	EndGlobalSection
	GlobalSection(SolutionProperties) = preSolution
		HideSolutionNode = FALSE
	EndGlobalSection
	GlobalSection(NestedProjects) = preSolution
		{0CBF8C24-AD83-499E-8DAB-026E9789922F} = {17C6044F-E579-475D-A72E-EE37DE1F8D2D}
		{5D7CBB54-ED23-4533-870E-F988A5E91717} = {1E46C5AD-1F74-4D19-9CCC-8B4D21819CC2}
	EndGlobalSection
	GlobalSection(ExtensibilityGlobals) = postSolution
		SolutionGuid = {ECD0AECB-887C-42E7-85E9-38CA9DF50DBF}
	EndGlobalSection
EndGlobal
